
Microsoft Visual Studio Solution File, Format Version 12.00
# Visual Studio 15
VisualStudioVersion = 15.0.27004.2006
MinimumVisualStudioVersion = 10.0.40219.1
Project("{FAE04EC0-301F-11D3-BF4B-00C04F79EFBC}") = "Hire Car Maintenance Inc", "Hire Car Maintenance Inc\Hire Car Maintenance Inc.csproj", "{778FF348-00F6-48D0-AAD7-2036C964F4CA}"
EndProject
Global
	GlobalSection(SolutionConfigurationPlatforms) = preSolution
		Debug|Any CPU = Debug|Any CPU
		Release|Any CPU = Release|Any CPU
	EndGlobalSection
	GlobalSection(ProjectConfigurationPlatforms) = postSolution
		{778FF348-00F6-48D0-AAD7-2036C964F4CA}.Debug|Any CPU.ActiveCfg = Debug|Any CPU
		{778FF348-00F6-48D0-AAD7-2036C964F4CA}.Debug|Any CPU.Build.0 = Debug|Any CPU
		{778FF348-00F6-48D0-AAD7-2036C964F4CA}.Release|Any CPU.ActiveCfg = Release|Any CPU
		{778FF348-00F6-48D0-AAD7-2036C964F4CA}.Release|Any CPU.Build.0 = Release|Any CPU
	EndGlobalSection
	GlobalSection(SolutionProperties) = preSolution
		HideSolutionNode = FALSE
	EndGlobalSection
	GlobalSection(ExtensibilityGlobals) = postSolution
		SolutionGuid = {C02B1296-892C-4F80-9EDD-16685F2F85B1}
	EndGlobalSection
EndGlobal
